// !$*UTF8*$!
{
	archiveVersion = 1;
	classes = {
	};
	objectVersion = 50;
	objects = {

/* Begin PBXBuildFile section */
		CC20447F25F8FEAB00AD4E43 /* testProjectApp.swift in Sources */ = {isa = PBXBuildFile; fileRef = CC20447E25F8FEAB00AD4E43 /* testProjectApp.swift */; };
		CC20448125F8FEAB00AD4E43 /* ContentView.swift in Sources */ = {isa = PBXBuildFile; fileRef = CC20448025F8FEAB00AD4E43 /* ContentView.swift */; };
		CC20448325F8FEAD00AD4E43 /* Assets.xcassets in Resources */ = {isa = PBXBuildFile; fileRef = CC20448225F8FEAD00AD4E43 /* Assets.xcassets */; };
		CC20448625F8FEAD00AD4E43 /* Preview Assets.xcassets in Resources */ = {isa = PBXBuildFile; fileRef = CC20448525F8FEAD00AD4E43 /* Preview Assets.xcassets */; };
		CC20449125F8FEAD00AD4E43 /* testProjectTests.swift in Sources */ = {isa = PBXBuildFile; fileRef = CC20449025F8FEAD00AD4E43 /* testProjectTests.swift */; };
		CC20449C25F8FEAD00AD4E43 /* testProjectUITests.swift in Sources */ = {isa = PBXBuildFile; fileRef = CC20449B25F8FEAD00AD4E43 /* testProjectUITests.swift */; };
/* End PBXBuildFile section */

/* Begin PBXContainerItemProxy section */
		CC20448D25F8FEAD00AD4E43 /* PBXContainerItemProxy */ = {
			isa = PBXContainerItemProxy;
			containerPortal = CC20447325F8FEAB00AD4E43 /* Project object */;
			proxyType = 1;
			remoteGlobalIDString = CC20447A25F8FEAB00AD4E43;
			remoteInfo = testProject;
		};
		CC20449825F8FEAD00AD4E43 /* PBXContainerItemProxy */ = {
			isa = PBXContainerItemProxy;
			containerPortal = CC20447325F8FEAB00AD4E43 /* Project object */;
			proxyType = 1;
			remoteGlobalIDString = CC20447A25F8FEAB00AD4E43;
			remoteInfo = testProject;
		};
/* End PBXContainerItemProxy section */

/* Begin PBXFileReference section */
		CC20447B25F8FEAB00AD4E43 /* ShowMeSomethingColor.app */ = {isa = PBXFileReference; explicitFileType = wrapper.application; includeInIndex = 0; path = ShowMeSomethingColor.app; sourceTree = BUILT_PRODUCTS_DIR; };
		CC20447E25F8FEAB00AD4E43 /* testProjectApp.swift */ = {isa = PBXFileReference; lastKnownFileType = sourcecode.swift; path = testProjectApp.swift; sourceTree = "<group>"; };
		CC20448025F8FEAB00AD4E43 /* ContentView.swift */ = {isa = PBXFileReference; lastKnownFileType = sourcecode.swift; path = ContentView.swift; sourceTree = "<group>"; };
		CC20448225F8FEAD00AD4E43 /* Assets.xcassets */ = {isa = PBXFileReference; lastKnownFileType = folder.assetcatalog; path = Assets.xcassets; sourceTree = "<group>"; };
		CC20448525F8FEAD00AD4E43 /* Preview Assets.xcassets */ = {isa = PBXFileReference; lastKnownFileType = folder.assetcatalog; path = "Preview Assets.xcassets"; sourceTree = "<group>"; };
		CC20448725F8FEAD00AD4E43 /* Info.plist */ = {isa = PBXFileReference; lastKnownFileType = text.plist.xml; path = Info.plist; sourceTree = "<group>"; };
		CC20448C25F8FEAD00AD4E43 /* ShowMeSomethingColorTests.xctest */ = {isa = PBXFileReference; explicitFileType = wrapper.cfbundle; includeInIndex = 0; path = ShowMeSomethingColorTests.xctest; sourceTree = BUILT_PRODUCTS_DIR; };
		CC20449025F8FEAD00AD4E43 /* testProjectTests.swift */ = {isa = PBXFileReference; lastKnownFileType = sourcecode.swift; path = testProjectTests.swift; sourceTree = "<group>"; };
		CC20449225F8FEAD00AD4E43 /* Info.plist */ = {isa = PBXFileReference; lastKnownFileType = text.plist.xml; path = Info.plist; sourceTree = "<group>"; };
		CC20449725F8FEAD00AD4E43 /* ShowMeSomethingColorUITests.xctest */ = {isa = PBXFileReference; explicitFileType = wrapper.cfbundle; includeInIndex = 0; path = ShowMeSomethingColorUITests.xctest; sourceTree = BUILT_PRODUCTS_DIR; };
		CC20449B25F8FEAD00AD4E43 /* testProjectUITests.swift */ = {isa = PBXFileReference; lastKnownFileType = sourcecode.swift; path = testProjectUITests.swift; sourceTree = "<group>"; };
		CC20449D25F8FEAD00AD4E43 /* Info.plist */ = {isa = PBXFileReference; lastKnownFileType = text.plist.xml; path = Info.plist; sourceTree = "<group>"; };
/* End PBXFileReference section */

/* Begin PBXFrameworksBuildPhase section */
		CC20447825F8FEAB00AD4E43 /* Frameworks */ = {
			isa = PBXFrameworksBuildPhase;
			buildActionMask = 2147483647;
			files = (
			);
			runOnlyForDeploymentPostprocessing = 0;
		};
		CC20448925F8FEAD00AD4E43 /* Frameworks */ = {
			isa = PBXFrameworksBuildPhase;
			buildActionMask = 2147483647;
			files = (
			);
			runOnlyForDeploymentPostprocessing = 0;
		};
		CC20449425F8FEAD00AD4E43 /* Frameworks */ = {
			isa = PBXFrameworksBuildPhase;
			buildActionMask = 2147483647;
			files = (
			);
			runOnlyForDeploymentPostprocessing = 0;
		};
/* End PBXFrameworksBuildPhase section */

/* Begin PBXGroup section */
		CC20447225F8FEAB00AD4E43 = {
			isa = PBXGroup;
			children = (
				CC20447D25F8FEAB00AD4E43 /* ShowMeSomethingColor */,
				CC20448F25F8FEAD00AD4E43 /* testProjectTests */,
				CC20449A25F8FEAD00AD4E43 /* testProjectUITests */,
				CC20447C25F8FEAB00AD4E43 /* Products */,
			);
			sourceTree = "<group>";
		};
		CC20447C25F8FEAB00AD4E43 /* Products */ = {
			isa = PBXGroup;
			children = (
				CC20447B25F8FEAB00AD4E43 /* ShowMeSomethingColor.app */,
				CC20448C25F8FEAD00AD4E43 /* ShowMeSomethingColorTests.xctest */,
				CC20449725F8FEAD00AD4E43 /* ShowMeSomethingColorUITests.xctest */,
			);
			name = Products;
			sourceTree = "<group>";
		};
		CC20447D25F8FEAB00AD4E43 /* ShowMeSomethingColor */ = {
			isa = PBXGroup;
			children = (
				CC20447E25F8FEAB00AD4E43 /* testProjectApp.swift */,
				CC20448025F8FEAB00AD4E43 /* ContentView.swift */,
				CC20448225F8FEAD00AD4E43 /* Assets.xcassets */,
				CC20448725F8FEAD00AD4E43 /* Info.plist */,
				CC20448425F8FEAD00AD4E43 /* Preview Content */,
			);
			path = ShowMeSomethingColor;
			sourceTree = "<group>";
		};
		CC20448425F8FEAD00AD4E43 /* Preview Content */ = {
			isa = PBXGroup;
			children = (
				CC20448525F8FEAD00AD4E43 /* Preview Assets.xcassets */,
			);
			path = "Preview Content";
			sourceTree = "<group>";
		};
		CC20448F25F8FEAD00AD4E43 /* testProjectTests */ = {
			isa = PBXGroup;
			children = (
				CC20449025F8FEAD00AD4E43 /* testProjectTests.swift */,
				CC20449225F8FEAD00AD4E43 /* Info.plist */,
			);
			path = testProjectTests;
			sourceTree = "<group>";
		};
		CC20449A25F8FEAD00AD4E43 /* testProjectUITests */ = {
			isa = PBXGroup;
			children = (
				CC20449B25F8FEAD00AD4E43 /* testProjectUITests.swift */,
				CC20449D25F8FEAD00AD4E43 /* Info.plist */,
			);
			path = testProjectUITests;
			sourceTree = "<group>";
		};
/* End PBXGroup section */

/* Begin PBXNativeTarget section */
		CC20447A25F8FEAB00AD4E43 /* ShowMeSomethingColor */ = {
			isa = PBXNativeTarget;
			buildConfigurationList = CC2044A025F8FEAD00AD4E43 /* Build configuration list for PBXNativeTarget "ShowMeSomethingColor" */;
			buildPhases = (
				CC20447725F8FEAB00AD4E43 /* Sources */,
				CC20447825F8FEAB00AD4E43 /* Frameworks */,
				CC20447925F8FEAB00AD4E43 /* Resources */,
			);
			buildRules = (
			);
			dependencies = (
			);
			name = ShowMeSomethingColor;
			productName = testProject;
			productReference = CC20447B25F8FEAB00AD4E43 /* ShowMeSomethingColor.app */;
			productType = "com.apple.product-type.application";
		};
		CC20448B25F8FEAD00AD4E43 /* ShowMeSomethingColorTests */ = {
			isa = PBXNativeTarget;
			buildConfigurationList = CC2044A325F8FEAD00AD4E43 /* Build configuration list for PBXNativeTarget "ShowMeSomethingColorTests" */;
			buildPhases = (
				CC20448825F8FEAD00AD4E43 /* Sources */,
				CC20448925F8FEAD00AD4E43 /* Frameworks */,
				CC20448A25F8FEAD00AD4E43 /* Resources */,
			);
			buildRules = (
			);
			dependencies = (
				CC20448E25F8FEAD00AD4E43 /* PBXTargetDependency */,
			);
			name = ShowMeSomethingColorTests;
			productName = testProjectTests;
			productReference = CC20448C25F8FEAD00AD4E43 /* ShowMeSomethingColorTests.xctest */;
			productType = "com.apple.product-type.bundle.unit-test";
		};
		CC20449625F8FEAD00AD4E43 /* ShowMeSomethingColorUITests */ = {
			isa = PBXNativeTarget;
			buildConfigurationList = CC2044A625F8FEAD00AD4E43 /* Build configuration list for PBXNativeTarget "ShowMeSomethingColorUITests" */;
			buildPhases = (
				CC20449325F8FEAD00AD4E43 /* Sources */,
				CC20449425F8FEAD00AD4E43 /* Frameworks */,
				CC20449525F8FEAD00AD4E43 /* Resources */,
			);
			buildRules = (
			);
			dependencies = (
				CC20449925F8FEAD00AD4E43 /* PBXTargetDependency */,
			);
			name = ShowMeSomethingColorUITests;
			productName = testProjectUITests;
			productReference = CC20449725F8FEAD00AD4E43 /* ShowMeSomethingColorUITests.xctest */;
			productType = "com.apple.product-type.bundle.ui-testing";
		};
/* End PBXNativeTarget section */

/* Begin PBXProject section */
		CC20447325F8FEAB00AD4E43 /* Project object */ = {
			isa = PBXProject;
			attributes = {
				LastSwiftUpdateCheck = 1240;
				LastUpgradeCheck = 1240;
				TargetAttributes = {
					CC20447A25F8FEAB00AD4E43 = {
						CreatedOnToolsVersion = 12.4;
					};
					CC20448B25F8FEAD00AD4E43 = {
						CreatedOnToolsVersion = 12.4;
						TestTargetID = CC20447A25F8FEAB00AD4E43;
					};
					CC20449625F8FEAD00AD4E43 = {
						CreatedOnToolsVersion = 12.4;
						TestTargetID = CC20447A25F8FEAB00AD4E43;
					};
				};
			};
			buildConfigurationList = CC20447625F8FEAB00AD4E43 /* Build configuration list for PBXProject "ShowMeSomethingColor" */;
			compatibilityVersion = "Xcode 9.3";
			developmentRegion = en;
			hasScannedForEncodings = 0;
			knownRegions = (
				en,
				Base,
			);
			mainGroup = CC20447225F8FEAB00AD4E43;
			productRefGroup = CC20447C25F8FEAB00AD4E43 /* Products */;
			projectDirPath = "";
			projectRoot = "";
			targets = (
				CC20447A25F8FEAB00AD4E43 /* ShowMeSomethingColor */,
				CC20448B25F8FEAD00AD4E43 /* ShowMeSomethingColorTests */,
				CC20449625F8FEAD00AD4E43 /* ShowMeSomethingColorUITests */,
			);
		};
/* End PBXProject section */

/* Begin PBXResourcesBuildPhase section */
		CC20447925F8FEAB00AD4E43 /* Resources */ = {
			isa = PBXResourcesBuildPhase;
			buildActionMask = 2147483647;
			files = (
				CC20448625F8FEAD00AD4E43 /* Preview Assets.xcassets in Resources */,
				CC20448325F8FEAD00AD4E43 /* Assets.xcassets in Resources */,
			);
			runOnlyForDeploymentPostprocessing = 0;
		};
		CC20448A25F8FEAD00AD4E43 /* Resources */ = {
			isa = PBXResourcesBuildPhase;
			buildActionMask = 2147483647;
			files = (
			);
			runOnlyForDeploymentPostprocessing = 0;
		};
		CC20449525F8FEAD00AD4E43 /* Resources */ = {
			isa = PBXResourcesBuildPhase;
			buildActionMask = 2147483647;
			files = (
			);
			runOnlyForDeploymentPostprocessing = 0;
		};
/* End PBXResourcesBuildPhase section */

/* Begin PBXSourcesBuildPhase section */
		CC20447725F8FEAB00AD4E43 /* Sources */ = {
			isa = PBXSourcesBuildPhase;
			buildActionMask = 2147483647;
			files = (
				CC20448125F8FEAB00AD4E43 /* ContentView.swift in Sources */,
				CC20447F25F8FEAB00AD4E43 /* testProjectApp.swift in Sources */,
			);
			runOnlyForDeploymentPostprocessing = 0;
		};
		CC20448825F8FEAD00AD4E43 /* Sources */ = {
			isa = PBXSourcesBuildPhase;
			buildActionMask = 2147483647;
			files = (
				CC20449125F8FEAD00AD4E43 /* testProjectTests.swift in Sources */,
			);
			runOnlyForDeploymentPostprocessing = 0;
		};
		CC20449325F8FEAD00AD4E43 /* Sources */ = {
			isa = PBXSourcesBuildPhase;
			buildActionMask = 2147483647;
			files = (
				CC20449C25F8FEAD00AD4E43 /* testProjectUITests.swift in Sources */,
			);
			runOnlyForDeploymentPostprocessing = 0;
		};
/* End PBXSourcesBuildPhase section */

/* Begin PBXTargetDependency section */
		CC20448E25F8FEAD00AD4E43 /* PBXTargetDependency */ = {
			isa = PBXTargetDependency;
			target = CC20447A25F8FEAB00AD4E43 /* ShowMeSomethingColor */;
			targetProxy = CC20448D25F8FEAD00AD4E43 /* PBXContainerItemProxy */;
		};
		CC20449925F8FEAD00AD4E43 /* PBXTargetDependency */ = {
			isa = PBXTargetDependency;
			target = CC20447A25F8FEAB00AD4E43 /* ShowMeSomethingColor */;
			targetProxy = CC20449825F8FEAD00AD4E43 /* PBXContainerItemProxy */;
		};
/* End PBXTargetDependency section */

/* Begin XCBuildConfiguration section */
		CC20449E25F8FEAD00AD4E43 /* Debug */ = {
			isa = XCBuildConfiguration;
			buildSettings = {
				ALWAYS_SEARCH_USER_PATHS = NO;
				CLANG_ANALYZER_NONNULL = YES;
				CLANG_ANALYZER_NUMBER_OBJECT_CONVERSION = YES_AGGRESSIVE;
				CLANG_CXX_LANGUAGE_STANDARD = "gnu++14";
				CLANG_CXX_LIBRARY = "libc++";
				CLANG_ENABLE_MODULES = YES;
				CLANG_ENABLE_OBJC_ARC = YES;
				CLANG_ENABLE_OBJC_WEAK = YES;
				CLANG_WARN_BLOCK_CAPTURE_AUTORELEASING = YES;
				CLANG_WARN_BOOL_CONVERSION = YES;
				CLANG_WARN_COMMA = YES;
				CLANG_WARN_CONSTANT_CONVERSION = YES;
				CLANG_WARN_DEPRECATED_OBJC_IMPLEMENTATIONS = YES;
				CLANG_WARN_DIRECT_OBJC_ISA_USAGE = YES_ERROR;
				CLANG_WARN_DOCUMENTATION_COMMENTS = YES;
				CLANG_WARN_EMPTY_BODY = YES;
				CLANG_WARN_ENUM_CONVERSION = YES;
				CLANG_WARN_INFINITE_RECURSION = YES;
				CLANG_WARN_INT_CONVERSION = YES;
				CLANG_WARN_NON_LITERAL_NULL_CONVERSION = YES;
				CLANG_WARN_OBJC_IMPLICIT_RETAIN_SELF = YES;
				CLANG_WARN_OBJC_LITERAL_CONVERSION = YES;
				CLANG_WARN_OBJC_ROOT_CLASS = YES_ERROR;
				CLANG_WARN_QUOTED_INCLUDE_IN_FRAMEWORK_HEADER = YES;
				CLANG_WARN_RANGE_LOOP_ANALYSIS = YES;
				CLANG_WARN_STRICT_PROTOTYPES = YES;
				CLANG_WARN_SUSPICIOUS_MOVE = YES;
				CLANG_WARN_UNGUARDED_AVAILABILITY = YES_AGGRESSIVE;
				CLANG_WARN_UNREACHABLE_CODE = YES;
				CLANG_WARN__DUPLICATE_METHOD_MATCH = YES;
				COPY_PHASE_STRIP = NO;
				DEBUG_INFORMATION_FORMAT = dwarf;
				ENABLE_STRICT_OBJC_MSGSEND = YES;
				ENABLE_TESTABILITY = YES;
				GCC_C_LANGUAGE_STANDARD = gnu11;
				GCC_DYNAMIC_NO_PIC = NO;
				GCC_NO_COMMON_BLOCKS = YES;
				GCC_OPTIMIZATION_LEVEL = 0;
				GCC_PREPROCESSOR_DEFINITIONS = (
					"DEBUG=1",
					"$(inherited)",
				);
				GCC_WARN_64_TO_32_BIT_CONVERSION = YES;
				GCC_WARN_ABOUT_RETURN_TYPE = YES_ERROR;
				GCC_WARN_UNDECLARED_SELECTOR = YES;
				GCC_WARN_UNINITIALIZED_AUTOS = YES_AGGRESSIVE;
				GCC_WARN_UNUSED_FUNCTION = YES;
				GCC_WARN_UNUSED_VARIABLE = YES;
				IPHONEOS_DEPLOYMENT_TARGET = 14.4;
				MTL_ENABLE_DEBUG_INFO = INCLUDE_SOURCE;
				MTL_FAST_MATH = YES;
				ONLY_ACTIVE_ARCH = YES;
				SDKROOT = iphoneos;
				SWIFT_ACTIVE_COMPILATION_CONDITIONS = DEBUG;
				SWIFT_OPTIMIZATION_LEVEL = "-Onone";
			};
			name = Debug;
		};
		CC20449F25F8FEAD00AD4E43 /* Release */ = {
			isa = XCBuildConfiguration;
			buildSettings = {
				ALWAYS_SEARCH_USER_PATHS = NO;
				CLANG_ANALYZER_NONNULL = YES;
				CLANG_ANALYZER_NUMBER_OBJECT_CONVERSION = YES_AGGRESSIVE;
				CLANG_CXX_LANGUAGE_STANDARD = "gnu++14";
				CLANG_CXX_LIBRARY = "libc++";
				CLANG_ENABLE_MODULES = YES;
				CLANG_ENABLE_OBJC_ARC = YES;
				CLANG_ENABLE_OBJC_WEAK = YES;
				CLANG_WARN_BLOCK_CAPTURE_AUTORELEASING = YES;
				CLANG_WARN_BOOL_CONVERSION = YES;
				CLANG_WARN_COMMA = YES;
				CLANG_WARN_CONSTANT_CONVERSION = YES;
				CLANG_WARN_DEPRECATED_OBJC_IMPLEMENTATIONS = YES;
				CLANG_WARN_DIRECT_OBJC_ISA_USAGE = YES_ERROR;
				CLANG_WARN_DOCUMENTATION_COMMENTS = YES;
				CLANG_WARN_EMPTY_BODY = YES;
				CLANG_WARN_ENUM_CONVERSION = YES;
				CLANG_WARN_INFINITE_RECURSION = YES;
				CLANG_WARN_INT_CONVERSION = YES;
				CLANG_WARN_NON_LITERAL_NULL_CONVERSION = YES;
				CLANG_WARN_OBJC_IMPLICIT_RETAIN_SELF = YES;
				CLANG_WARN_OBJC_LITERAL_CONVERSION = YES;
				CLANG_WARN_OBJC_ROOT_CLASS = YES_ERROR;
				CLANG_WARN_QUOTED_INCLUDE_IN_FRAMEWORK_HEADER = YES;
				CLANG_WARN_RANGE_LOOP_ANALYSIS = YES;
				CLANG_WARN_STRICT_PROTOTYPES = YES;
				CLANG_WARN_SUSPICIOUS_MOVE = YES;
				CLANG_WARN_UNGUARDED_AVAILABILITY = YES_AGGRESSIVE;
				CLANG_WARN_UNREACHABLE_CODE = YES;
				CLANG_WARN__DUPLICATE_METHOD_MATCH = YES;
				COPY_PHASE_STRIP = NO;
				DEBUG_INFORMATION_FORMAT = "dwarf-with-dsym";
				ENABLE_NS_ASSERTIONS = NO;
				ENABLE_STRICT_OBJC_MSGSEND = YES;
				GCC_C_LANGUAGE_STANDARD = gnu11;
				GCC_NO_COMMON_BLOCKS = YES;
				GCC_WARN_64_TO_32_BIT_CONVERSION = YES;
				GCC_WARN_ABOUT_RETURN_TYPE = YES_ERROR;
				GCC_WARN_UNDECLARED_SELECTOR = YES;
				GCC_WARN_UNINITIALIZED_AUTOS = YES_AGGRESSIVE;
				GCC_WARN_UNUSED_FUNCTION = YES;
				GCC_WARN_UNUSED_VARIABLE = YES;
				IPHONEOS_DEPLOYMENT_TARGET = 14.4;
				MTL_ENABLE_DEBUG_INFO = NO;
				MTL_FAST_MATH = YES;
				SDKROOT = iphoneos;
				SWIFT_COMPILATION_MODE = wholemodule;
				SWIFT_OPTIMIZATION_LEVEL = "-O";
				VALIDATE_PRODUCT = YES;
			};
			name = Release;
		};
		CC2044A125F8FEAD00AD4E43 /* Debug */ = {
			isa = XCBuildConfiguration;
			buildSettings = {
				ASSETCATALOG_COMPILER_APPICON_NAME = AppIcon;
				ASSETCATALOG_COMPILER_GLOBAL_ACCENT_COLOR_NAME = AccentColor;
				CODE_SIGN_STYLE = Automatic;
				DEVELOPMENT_ASSET_PATHS = "\"ShowMeSomethingColor/Preview Content\"";
				ENABLE_PREVIEWS = YES;
				INFOPLIST_FILE = ShowMeSomethingColor/Info.plist;
				IPHONEOS_DEPLOYMENT_TARGET = 14.0;
				LD_RUNPATH_SEARCH_PATHS = (
					"$(inherited)",
					"@executable_path/Frameworks",
				);
				PRODUCT_BUNDLE_IDENTIFIER = lmrsic.ShowMeSomethingColor;
				PRODUCT_NAME = "$(TARGET_NAME)";
				SWIFT_VERSION = 5.0;
				TARGETED_DEVICE_FAMILY = "1,2";
			};
			name = Debug;
		};
		CC2044A225F8FEAD00AD4E43 /* Release */ = {
			isa = XCBuildConfiguration;
			buildSettings = {
				ASSETCATALOG_COMPILER_APPICON_NAME = AppIcon;
				ASSETCATALOG_COMPILER_GLOBAL_ACCENT_COLOR_NAME = AccentColor;
				CODE_SIGN_STYLE = Automatic;
				DEVELOPMENT_ASSET_PATHS = "\"ShowMeSomethingColor/Preview Content\"";
				ENABLE_PREVIEWS = YES;
				INFOPLIST_FILE = ShowMeSomethingColor/Info.plist;
				IPHONEOS_DEPLOYMENT_TARGET = 14.0;
				LD_RUNPATH_SEARCH_PATHS = (
					"$(inherited)",
					"@executable_path/Frameworks",
				);
				PRODUCT_BUNDLE_IDENTIFIER = lmrsic.ShowMeSomethingColor;
				PRODUCT_NAME = "$(TARGET_NAME)";
				SWIFT_VERSION = 5.0;
				TARGETED_DEVICE_FAMILY = "1,2";
			};
			name = Release;
		};
		CC2044A425F8FEAD00AD4E43 /* Debug */ = {
			isa = XCBuildConfiguration;
			buildSettings = {
				ALWAYS_EMBED_SWIFT_STANDARD_LIBRARIES = YES;
				BUNDLE_LOADER = "$(TEST_HOST)";
				CODE_SIGN_STYLE = Automatic;
				INFOPLIST_FILE = testProjectTests/Info.plist;
				IPHONEOS_DEPLOYMENT_TARGET = 14.0;
				LD_RUNPATH_SEARCH_PATHS = (
					"$(inherited)",
					"@executable_path/Frameworks",
					"@loader_path/Frameworks",
				);
				PRODUCT_BUNDLE_IDENTIFIER = lmrsic.testProjectTests;
				PRODUCT_NAME = "$(TARGET_NAME)";
				SWIFT_VERSION = 5.0;
				TARGETED_DEVICE_FAMILY = "1,2";
				TEST_HOST = "$(BUILT_PRODUCTS_DIR)/ShowMeSomethingColor.app/ShowMeSomethingColor";
			};
			name = Debug;
		};
		CC2044A525F8FEAD00AD4E43 /* Release */ = {
			isa = XCBuildConfiguration;
			buildSettings = {
				ALWAYS_EMBED_SWIFT_STANDARD_LIBRARIES = YES;
				BUNDLE_LOADER = "$(TEST_HOST)";
				CODE_SIGN_STYLE = Automatic;
				INFOPLIST_FILE = testProjectTests/Info.plist;
				IPHONEOS_DEPLOYMENT_TARGET = 14.0;
				LD_RUNPATH_SEARCH_PATHS = (
					"$(inherited)",
					"@executable_path/Frameworks",
					"@loader_path/Frameworks",
				);
				PRODUCT_BUNDLE_IDENTIFIER = lmrsic.testProjectTests;
				PRODUCT_NAME = "$(TARGET_NAME)";
				SWIFT_VERSION = 5.0;
				TARGETED_DEVICE_FAMILY = "1,2";
				TEST_HOST = "$(BUILT_PRODUCTS_DIR)/ShowMeSomethingColor.app/ShowMeSomethingColor";
			};
			name = Release;
		};
		CC2044A725F8FEAD00AD4E43 /* Debug */ = {
			isa = XCBuildConfiguration;
			buildSettings = {
				ALWAYS_EMBED_SWIFT_STANDARD_LIBRARIES = YES;
				CODE_SIGN_STYLE = Automatic;
				INFOPLIST_FILE = testProjectUITests/Info.plist;
				LD_RUNPATH_SEARCH_PATHS = (
					"$(inherited)",
					"@executable_path/Frameworks",
					"@loader_path/Frameworks",
				);
				PRODUCT_BUNDLE_IDENTIFIER = lmrsic.testProjectUITests;
				PRODUCT_NAME = "$(TARGET_NAME)";
				SWIFT_VERSION = 5.0;
				TARGETED_DEVICE_FAMILY = "1,2";
				TEST_TARGET_NAME = testProject;
			};
			name = Debug;
		};
		CC2044A825F8FEAD00AD4E43 /* Release */ = {
			isa = XCBuildConfiguration;
			buildSettings = {
				ALWAYS_EMBED_SWIFT_STANDARD_LIBRARIES = YES;
				CODE_SIGN_STYLE = Automatic;
				INFOPLIST_FILE = testProjectUITests/Info.plist;
				LD_RUNPATH_SEARCH_PATHS = (
					"$(inherited)",
					"@executable_path/Frameworks",
					"@loader_path/Frameworks",
				);
				PRODUCT_BUNDLE_IDENTIFIER = lmrsic.testProjectUITests;
				PRODUCT_NAME = "$(TARGET_NAME)";
				SWIFT_VERSION = 5.0;
				TARGETED_DEVICE_FAMILY = "1,2";
				TEST_TARGET_NAME = testProject;
			};
			name = Release;
		};
/* End XCBuildConfiguration section */

/* Begin XCConfigurationList section */
		CC20447625F8FEAB00AD4E43 /* Build configuration list for PBXProject "ShowMeSomethingColor" */ = {
			isa = XCConfigurationList;
			buildConfigurations = (
				CC20449E25F8FEAD00AD4E43 /* Debug */,
				CC20449F25F8FEAD00AD4E43 /* Release */,
			);
			defaultConfigurationIsVisible = 0;
			defaultConfigurationName = Release;
		};
		CC2044A025F8FEAD00AD4E43 /* Build configuration list for PBXNativeTarget "ShowMeSomethingColor" */ = {
			isa = XCConfigurationList;
			buildConfigurations = (
				CC2044A125F8FEAD00AD4E43 /* Debug */,
				CC2044A225F8FEAD00AD4E43 /* Release */,
			);
			defaultConfigurationIsVisible = 0;
			defaultConfigurationName = Release;
		};
		CC2044A325F8FEAD00AD4E43 /* Build configuration list for PBXNativeTarget "ShowMeSomethingColorTests" */ = {
			isa = XCConfigurationList;
			buildConfigurations = (
				CC2044A425F8FEAD00AD4E43 /* Debug */,
				CC2044A525F8FEAD00AD4E43 /* Release */,
			);
			defaultConfigurationIsVisible = 0;
			defaultConfigurationName = Release;
		};
		CC2044A625F8FEAD00AD4E43 /* Build configuration list for PBXNativeTarget "ShowMeSomethingColorUITests" */ = {
			isa = XCConfigurationList;
			buildConfigurations = (
				CC2044A725F8FEAD00AD4E43 /* Debug */,
				CC2044A825F8FEAD00AD4E43 /* Release */,
			);
			defaultConfigurationIsVisible = 0;
			defaultConfigurationName = Release;
		};
/* End XCConfigurationList section */
	};
	rootObject = CC20447325F8FEAB00AD4E43 /* Project object */;
}
